// !$*UTF8*$!
{
	archiveVersion = 1;
	classes = {
	};
	objectVersion = 77;
	objects = {

/* Begin PBXContainerItemProxy section */
		D6C5E1802E67418700CFE561 /* PBXContainerItemProxy */ = {
			isa = PBXContainerItemProxy;
			containerPortal = D6C5E16A2E67418400CFE561 /* Project object */;
			proxyType = 1;
			remoteGlobalIDString = D6C5E1712E67418400CFE561;
			remoteInfo = RainAnimationNew;
		};
		D6C5E18A2E67418700CFE561 /* PBXContainerItemProxy */ = {
			isa = PBXContainerItemProxy;
			containerPortal = D6C5E16A2E67418400CFE561 /* Project object */;
			proxyType = 1;
			remoteGlobalIDString = D6C5E1712E67418400CFE561;
			remoteInfo = RainAnimationNew;
		};
/* End PBXContainerItemProxy section */

/* Begin PBXFileReference section */
		D6C5E1722E67418400CFE561 /* RainAnimationNew.app */ = {isa = PBXFileReference; explicitFileType = wrapper.application; includeInIndex = 0; path = RainAnimationNew.app; sourceTree = BUILT_PRODUCTS_DIR; };
		D6C5E17F2E67418700CFE561 /* RainAnimationNewTests.xctest */ = {isa = PBXFileReference; explicitFileType = wrapper.cfbundle; includeInIndex = 0; path = RainAnimationNewTests.xctest; sourceTree = BUILT_PRODUCTS_DIR; };
		D6C5E1892E67418700CFE561 /* RainAnimationNewUITests.xctest */ = {isa = PBXFileReference; explicitFileType = wrapper.cfbundle; includeInIndex = 0; path = RainAnimationNewUITests.xctest; sourceTree = BUILT_PRODUCTS_DIR; };
/* End PBXFileReference section */

/* Begin PBXFileSystemSynchronizedRootGroup section */
		D6C5E1742E67418400CFE561 /* RainAnimationNew */ = {
			isa = PBXFileSystemSynchronizedRootGroup;
			path = RainAnimationNew;
			sourceTree = "<group>";
		};
		D6C5E1822E67418700CFE561 /* RainAnimationNewTests */ = {
			isa = PBXFileSystemSynchronizedRootGroup;
			path = RainAnimationNewTests;
			sourceTree = "<group>";
		};
		D6C5E18C2E67418700CFE561 /* RainAnimationNewUITests */ = {
			isa = PBXFileSystemSynchronizedRootGroup;
			path = RainAnimationNewUITests;
			sourceTree = "<group>";
		};
/* End PBXFileSystemSynchronizedRootGroup section */

/* Begin PBXFrameworksBuildPhase section */
		D6C5E16F2E67418400CFE561 /* Frameworks */ = {
			isa = PBXFrameworksBuildPhase;
			buildActionMask = 2147483647;
			files = (
			);
			runOnlyForDeploymentPostprocessing = 0;
		};
		D6C5E17C2E67418700CFE561 /* Frameworks */ = {
			isa = PBXFrameworksBuildPhase;
			buildActionMask = 2147483647;
			files = (
			);
			runOnlyForDeploymentPostprocessing = 0;
		};
		D6C5E1862E67418700CFE561 /* Frameworks */ = {
			isa = PBXFrameworksBuildPhase;
			buildActionMask = 2147483647;
			files = (
			);
			runOnlyForDeploymentPostprocessing = 0;
		};
/* End PBXFrameworksBuildPhase section */

/* Begin PBXGroup section */
		D6C5E1692E67418400CFE561 = {
			isa = PBXGroup;
			children = (
				D6C5E1742E67418400CFE561 /* RainAnimationNew */,
				D6C5E1822E67418700CFE561 /* RainAnimationNewTests */,
				D6C5E18C2E67418700CFE561 /* RainAnimationNewUITests */,
				D6C5E1732E67418400CFE561 /* Products */,
			);
			sourceTree = "<group>";
		};
		D6C5E1732E67418400CFE561 /* Products */ = {
			isa = PBXGroup;
			children = (
				D6C5E1722E67418400CFE561 /* RainAnimationNew.app */,
				D6C5E17F2E67418700CFE561 /* RainAnimationNewTests.xctest */,
				D6C5E1892E67418700CFE561 /* RainAnimationNewUITests.xctest */,
			);
			name = Products;
			sourceTree = "<group>";
		};
/* End PBXGroup section */

/* Begin PBXNativeTarget section */
		D6C5E1712E67418400CFE561 /* RainAnimationNew */ = {
			isa = PBXNativeTarget;
			buildConfigurationList = D6C5E1932E67418700CFE561 /* Build configuration list for PBXNativeTarget "RainAnimationNew" */;
			buildPhases = (
				D6C5E16E2E67418400CFE561 /* Sources */,
				D6C5E16F2E67418400CFE561 /* Frameworks */,
				D6C5E1702E67418400CFE561 /* Resources */,
			);
			buildRules = (
			);
			dependencies = (
			);
			fileSystemSynchronizedGroups = (
				D6C5E1742E67418400CFE561 /* RainAnimationNew */,
			);
			name = RainAnimationNew;
			packageProductDependencies = (
			);
			productName = RainAnimationNew;
			productReference = D6C5E1722E67418400CFE561 /* RainAnimationNew.app */;
			productType = "com.apple.product-type.application";
		};
		D6C5E17E2E67418700CFE561 /* RainAnimationNewTests */ = {
			isa = PBXNativeTarget;
			buildConfigurationList = D6C5E1962E67418700CFE561 /* Build configuration list for PBXNativeTarget "RainAnimationNewTests" */;
			buildPhases = (
				D6C5E17B2E67418700CFE561 /* Sources */,
				D6C5E17C2E67418700CFE561 /* Frameworks */,
				D6C5E17D2E67418700CFE561 /* Resources */,
			);
			buildRules = (
			);
			dependencies = (
				D6C5E1812E67418700CFE561 /* PBXTargetDependency */,
			);
			fileSystemSynchronizedGroups = (
				D6C5E1822E67418700CFE561 /* RainAnimationNewTests */,
			);
			name = RainAnimationNewTests;
			packageProductDependencies = (
			);
			productName = RainAnimationNewTests;
			productReference = D6C5E17F2E67418700CFE561 /* RainAnimationNewTests.xctest */;
			productType = "com.apple.product-type.bundle.unit-test";
		};
		D6C5E1882E67418700CFE561 /* RainAnimationNewUITests */ = {
			isa = PBXNativeTarget;
			buildConfigurationList = D6C5E1992E67418700CFE561 /* Build configuration list for PBXNativeTarget "RainAnimationNewUITests" */;
			buildPhases = (
				D6C5E1852E67418700CFE561 /* Sources */,
				D6C5E1862E67418700CFE561 /* Frameworks */,
				D6C5E1872E67418700CFE561 /* Resources */,
			);
			buildRules = (
			);
			dependencies = (
				D6C5E18B2E67418700CFE561 /* PBXTargetDependency */,
			);
			fileSystemSynchronizedGroups = (
				D6C5E18C2E67418700CFE561 /* RainAnimationNewUITests */,
			);
			name = RainAnimationNewUITests;
			packageProductDependencies = (
			);
			productName = RainAnimationNewUITests;
			productReference = D6C5E1892E67418700CFE561 /* RainAnimationNewUITests.xctest */;
			productType = "com.apple.product-type.bundle.ui-testing";
		};
/* End PBXNativeTarget section */

/* Begin PBXProject section */
		D6C5E16A2E67418400CFE561 /* Project object */ = {
			isa = PBXProject;
			attributes = {
				BuildIndependentTargetsInParallel = 1;
				LastSwiftUpdateCheck = 1640;
				LastUpgradeCheck = 1640;
				TargetAttributes = {
					D6C5E1712E67418400CFE561 = {
						CreatedOnToolsVersion = 16.4;
					};
					D6C5E17E2E67418700CFE561 = {
						CreatedOnToolsVersion = 16.4;
						TestTargetID = D6C5E1712E67418400CFE561;
					};
					D6C5E1882E67418700CFE561 = {
						CreatedOnToolsVersion = 16.4;
						TestTargetID = D6C5E1712E67418400CFE561;
					};
				};
			};
			buildConfigurationList = D6C5E16D2E67418400CFE561 /* Build configuration list for PBXProject "RainAnimationNew" */;
			developmentRegion = en;
			hasScannedForEncodings = 0;
			knownRegions = (
				en,
				Base,
			);
			mainGroup = D6C5E1692E67418400CFE561;
			minimizedProjectReferenceProxies = 1;
			preferredProjectObjectVersion = 77;
			productRefGroup = D6C5E1732E67418400CFE561 /* Products */;
			projectDirPath = "";
			projectRoot = "";
			targets = (
				D6C5E1712E67418400CFE561 /* RainAnimationNew */,
				D6C5E17E2E67418700CFE561 /* RainAnimationNewTests */,
				D6C5E1882E67418700CFE561 /* RainAnimationNewUITests */,
			);
		};
/* End PBXProject section */

/* Begin PBXResourcesBuildPhase section */
		D6C5E1702E67418400CFE561 /* Resources */ = {
			isa = PBXResourcesBuildPhase;
			buildActionMask = 2147483647;
			files = (
			);
			runOnlyForDeploymentPostprocessing = 0;
		};
		D6C5E17D2E67418700CFE561 /* Resources */ = {
			isa = PBXResourcesBuildPhase;
			buildActionMask = 2147483647;
			files = (
			);
			runOnlyForDeploymentPostprocessing = 0;
		};
		D6C5E1872E67418700CFE561 /* Resources */ = {
			isa = PBXResourcesBuildPhase;
			buildActionMask = 2147483647;
			files = (
			);
			runOnlyForDeploymentPostprocessing = 0;
		};
/* End PBXResourcesBuildPhase section */

/* Begin PBXSourcesBuildPhase section */
		D6C5E16E2E67418400CFE561 /* Sources */ = {
			isa = PBXSourcesBuildPhase;
			buildActionMask = 2147483647;
			files = (
			);
			runOnlyForDeploymentPostprocessing = 0;
		};
		D6C5E17B2E67418700CFE561 /* Sources */ = {
			isa = PBXSourcesBuildPhase;
			buildActionMask = 2147483647;
			files = (
			);
			runOnlyForDeploymentPostprocessing = 0;
		};
		D6C5E1852E67418700CFE561 /* Sources */ = {
			isa = PBXSourcesBuildPhase;
			buildActionMask = 2147483647;
			files = (
			);
			runOnlyForDeploymentPostprocessing = 0;
		};
/* End PBXSourcesBuildPhase section */

/* Begin PBXTargetDependency section */
		D6C5E1812E67418700CFE561 /* PBXTargetDependency */ = {
			isa = PBXTargetDependency;
			target = D6C5E1712E67418400CFE561 /* RainAnimationNew */;
			targetProxy = D6C5E1802E67418700CFE561 /* PBXContainerItemProxy */;
		};
		D6C5E18B2E67418700CFE561 /* PBXTargetDependency */ = {
			isa = PBXTargetDependency;
			target = D6C5E1712E67418400CFE561 /* RainAnimationNew */;
			targetProxy = D6C5E18A2E67418700CFE561 /* PBXContainerItemProxy */;
		};
/* End PBXTargetDependency section */

/* Begin XCBuildConfiguration section */
		D6C5E1912E67418700CFE561 /* Debug */ = {
			isa = XCBuildConfiguration;
			buildSettings = {
				ALWAYS_SEARCH_USER_PATHS = NO;
				ASSETCATALOG_COMPILER_GENERATE_SWIFT_ASSET_SYMBOL_EXTENSIONS = YES;
				CLANG_ANALYZER_NONNULL = YES;
				CLANG_ANALYZER_NUMBER_OBJECT_CONVERSION = YES_AGGRESSIVE;
				CLANG_CXX_LANGUAGE_STANDARD = "gnu++20";
				CLANG_ENABLE_MODULES = YES;
				CLANG_ENABLE_OBJC_ARC = YES;
				CLANG_ENABLE_OBJC_WEAK = YES;
				CLANG_WARN_BLOCK_CAPTURE_AUTORELEASING = YES;
				CLANG_WARN_BOOL_CONVERSION = YES;
				CLANG_WARN_COMMA = YES;
				CLANG_WARN_CONSTANT_CONVERSION = YES;
				CLANG_WARN_DEPRECATED_OBJC_IMPLEMENTATIONS = YES;
				CLANG_WARN_DIRECT_OBJC_ISA_USAGE = YES_ERROR;
				CLANG_WARN_DOCUMENTATION_COMMENTS = YES;
				CLANG_WARN_EMPTY_BODY = YES;
				CLANG_WARN_ENUM_CONVERSION = YES;
				CLANG_WARN_INFINITE_RECURSION = YES;
				CLANG_WARN_INT_CONVERSION = YES;
				CLANG_WARN_NON_LITERAL_NULL_CONVERSION = YES;
				CLANG_WARN_OBJC_IMPLICIT_RETAIN_SELF = YES;
				CLANG_WARN_OBJC_LITERAL_CONVERSION = YES;
				CLANG_WARN_OBJC_ROOT_CLASS = YES_ERROR;
				CLANG_WARN_QUOTED_INCLUDE_IN_FRAMEWORK_HEADER = YES;
				CLANG_WARN_RANGE_LOOP_ANALYSIS = YES;
				CLANG_WARN_STRICT_PROTOTYPES = YES;
				CLANG_WARN_SUSPICIOUS_MOVE = YES;
				CLANG_WARN_UNGUARDED_AVAILABILITY = YES_AGGRESSIVE;
				CLANG_WARN_UNREACHABLE_CODE = YES;
				CLANG_WARN__DUPLICATE_METHOD_MATCH = YES;
				COPY_PHASE_STRIP = NO;
				DEBUG_INFORMATION_FORMAT = dwarf;
				ENABLE_STRICT_OBJC_MSGSEND = YES;
				ENABLE_TESTABILITY = YES;
				ENABLE_USER_SCRIPT_SANDBOXING = YES;
				GCC_C_LANGUAGE_STANDARD = gnu17;
				GCC_DYNAMIC_NO_PIC = NO;
				GCC_NO_COMMON_BLOCKS = YES;
				GCC_OPTIMIZATION_LEVEL = 0;
				GCC_PREPROCESSOR_DEFINITIONS = (
					"DEBUG=1",
					"$(inherited)",
				);
				GCC_WARN_64_TO_32_BIT_CONVERSION = YES;
				GCC_WARN_ABOUT_RETURN_TYPE = YES_ERROR;
				GCC_WARN_UNDECLARED_SELECTOR = YES;
				GCC_WARN_UNINITIALIZED_AUTOS = YES_AGGRESSIVE;
				GCC_WARN_UNUSED_FUNCTION = YES;
				GCC_WARN_UNUSED_VARIABLE = YES;
				IPHONEOS_DEPLOYMENT_TARGET = 18.5;
				LOCALIZATION_PREFERS_STRING_CATALOGS = YES;
				MTL_ENABLE_DEBUG_INFO = INCLUDE_SOURCE;
				MTL_FAST_MATH = YES;
				ONLY_ACTIVE_ARCH = YES;
				SDKROOT = iphoneos;
				SWIFT_ACTIVE_COMPILATION_CONDITIONS = "DEBUG $(inherited)";
				SWIFT_OPTIMIZATION_LEVEL = "-Onone";
			};
			name = Debug;
		};
		D6C5E1922E67418700CFE561 /* Release */ = {
			isa = XCBuildConfiguration;
			buildSettings = {
				ALWAYS_SEARCH_USER_PATHS = NO;
				ASSETCATALOG_COMPILER_GENERATE_SWIFT_ASSET_SYMBOL_EXTENSIONS = YES;
				CLANG_ANALYZER_NONNULL = YES;
				CLANG_ANALYZER_NUMBER_OBJECT_CONVERSION = YES_AGGRESSIVE;
				CLANG_CXX_LANGUAGE_STANDARD = "gnu++20";
				CLANG_ENABLE_MODULES = YES;
				CLANG_ENABLE_OBJC_ARC = YES;
				CLANG_ENABLE_OBJC_WEAK = YES;
				CLANG_WARN_BLOCK_CAPTURE_AUTORELEASING = YES;
				CLANG_WARN_BOOL_CONVERSION = YES;
				CLANG_WARN_COMMA = YES;
				CLANG_WARN_CONSTANT_CONVERSION = YES;
				CLANG_WARN_DEPRECATED_OBJC_IMPLEMENTATIONS = YES;
				CLANG_WARN_DIRECT_OBJC_ISA_USAGE = YES_ERROR;
				CLANG_WARN_DOCUMENTATION_COMMENTS = YES;
				CLANG_WARN_EMPTY_BODY = YES;
				CLANG_WARN_ENUM_CONVERSION = YES;
				CLANG_WARN_INFINITE_RECURSION = YES;
				CLANG_WARN_INT_CONVERSION = YES;
				CLANG_WARN_NON_LITERAL_NULL_CONVERSION = YES;
				CLANG_WARN_OBJC_IMPLICIT_RETAIN_SELF = YES;
				CLANG_WARN_OBJC_LITERAL_CONVERSION = YES;
				CLANG_WARN_OBJC_ROOT_CLASS = YES_ERROR;
				CLANG_WARN_QUOTED_INCLUDE_IN_FRAMEWORK_HEADER = YES;
				CLANG_WARN_RANGE_LOOP_ANALYSIS = YES;
				CLANG_WARN_STRICT_PROTOTYPES = YES;
				CLANG_WARN_SUSPICIOUS_MOVE = YES;
				CLANG_WARN_UNGUARDED_AVAILABILITY = YES_AGGRESSIVE;
				CLANG_WARN_UNREACHABLE_CODE = YES;
				CLANG_WARN__DUPLICATE_METHOD_MATCH = YES;
				COPY_PHASE_STRIP = NO;
				DEBUG_INFORMATION_FORMAT = "dwarf-with-dsym";
				ENABLE_NS_ASSERTIONS = NO;
				ENABLE_STRICT_OBJC_MSGSEND = YES;
				ENABLE_USER_SCRIPT_SANDBOXING = YES;
				GCC_C_LANGUAGE_STANDARD = gnu17;
				GCC_NO_COMMON_BLOCKS = YES;
				GCC_WARN_64_TO_32_BIT_CONVERSION = YES;
				GCC_WARN_ABOUT_RETURN_TYPE = YES_ERROR;
				GCC_WARN_UNDECLARED_SELECTOR = YES;
				GCC_WARN_UNINITIALIZED_AUTOS = YES_AGGRESSIVE;
				GCC_WARN_UNUSED_FUNCTION = YES;
				GCC_WARN_UNUSED_VARIABLE = YES;
				IPHONEOS_DEPLOYMENT_TARGET = 18.5;
				LOCALIZATION_PREFERS_STRING_CATALOGS = YES;
				MTL_ENABLE_DEBUG_INFO = NO;
				MTL_FAST_MATH = YES;
				SDKROOT = iphoneos;
				SWIFT_COMPILATION_MODE = wholemodule;
				VALIDATE_PRODUCT = YES;
			};
			name = Release;
		};
		D6C5E1942E67418700CFE561 /* Debug */ = {
			isa = XCBuildConfiguration;
			buildSettings = {
				ASSETCATALOG_COMPILER_APPICON_NAME = AppIcon;
				ASSETCATALOG_COMPILER_GLOBAL_ACCENT_COLOR_NAME = AccentColor;
				CODE_SIGN_STYLE = Automatic;
				CURRENT_PROJECT_VERSION = 1;
				ENABLE_PREVIEWS = YES;
				GENERATE_INFOPLIST_FILE = YES;
				INFOPLIST_KEY_UIApplicationSceneManifest_Generation = YES;
				INFOPLIST_KEY_UIApplicationSupportsIndirectInputEvents = YES;
				INFOPLIST_KEY_UILaunchScreen_Generation = YES;
				INFOPLIST_KEY_UISupportedInterfaceOrientations_iPad = "UIInterfaceOrientationPortrait UIInterfaceOrientationPortraitUpsideDown UIInterfaceOrientationLandscapeLeft UIInterfaceOrientationLandscapeRight";
				INFOPLIST_KEY_UISupportedInterfaceOrientations_iPhone = "UIInterfaceOrientationPortrait UIInterfaceOrientationLandscapeLeft UIInterfaceOrientationLandscapeRight";
				LD_RUNPATH_SEARCH_PATHS = (
					"$(inherited)",
					"@executable_path/Frameworks",
				);
				MARKETING_VERSION = 1.0;
				PRODUCT_BUNDLE_IDENTIFIER = com.template.RainAnimationNew;
				PRODUCT_NAME = "$(TARGET_NAME)";
				SWIFT_EMIT_LOC_STRINGS = YES;
				SWIFT_VERSION = 5.0;
				TARGETED_DEVICE_FAMILY = "1,2";
			};
			name = Debug;
		};
		D6C5E1952E67418700CFE561 /* Release */ = {
			isa = XCBuildConfiguration;
			buildSettings = {
				ASSETCATALOG_COMPILER_APPICON_NAME = AppIcon;
				ASSETCATALOG_COMPILER_GLOBAL_ACCENT_COLOR_NAME = AccentColor;
				CODE_SIGN_STYLE = Automatic;
				CURRENT_PROJECT_VERSION = 1;
				ENABLE_PREVIEWS = YES;
				GENERATE_INFOPLIST_FILE = YES;
				INFOPLIST_KEY_UIApplicationSceneManifest_Generation = YES;
				INFOPLIST_KEY_UIApplicationSupportsIndirectInputEvents = YES;
				INFOPLIST_KEY_UILaunchScreen_Generation = YES;
				INFOPLIST_KEY_UISupportedInterfaceOrientations_iPad = "UIInterfaceOrientationPortrait UIInterfaceOrientationPortraitUpsideDown UIInterfaceOrientationLandscapeLeft UIInterfaceOrientationLandscapeRight";
				INFOPLIST_KEY_UISupportedInterfaceOrientations_iPhone = "UIInterfaceOrientationPortrait UIInterfaceOrientationLandscapeLeft UIInterfaceOrientationLandscapeRight";
				LD_RUNPATH_SEARCH_PATHS = (
					"$(inherited)",
					"@executable_path/Frameworks",
				);
				MARKETING_VERSION = 1.0;
				PRODUCT_BUNDLE_IDENTIFIER = com.template.RainAnimationNew;
				PRODUCT_NAME = "$(TARGET_NAME)";
				SWIFT_EMIT_LOC_STRINGS = YES;
				SWIFT_VERSION = 5.0;
				TARGETED_DEVICE_FAMILY = "1,2";
			};
			name = Release;
		};
		D6C5E1972E67418700CFE561 /* Debug */ = {
			isa = XCBuildConfiguration;
			buildSettings = {
				BUNDLE_LOADER = "$(TEST_HOST)";
				CODE_SIGN_STYLE = Automatic;
				CURRENT_PROJECT_VERSION = 1;
				GENERATE_INFOPLIST_FILE = YES;
				IPHONEOS_DEPLOYMENT_TARGET = 18.5;
				MARKETING_VERSION = 1.0;
				PRODUCT_BUNDLE_IDENTIFIER = com.template.RainAnimationNewTests;
				PRODUCT_NAME = "$(TARGET_NAME)";
				SWIFT_EMIT_LOC_STRINGS = NO;
				SWIFT_VERSION = 5.0;
				TARGETED_DEVICE_FAMILY = "1,2";
				TEST_HOST = "$(BUILT_PRODUCTS_DIR)/RainAnimationNew.app/$(BUNDLE_EXECUTABLE_FOLDER_PATH)/RainAnimationNew";
			};
			name = Debug;
		};
		D6C5E1982E67418700CFE561 /* Release */ = {
			isa = XCBuildConfiguration;
			buildSettings = {
				BUNDLE_LOADER = "$(TEST_HOST)";
				CODE_SIGN_STYLE = Automatic;
				CURRENT_PROJECT_VERSION = 1;
				GENERATE_INFOPLIST_FILE = YES;
				IPHONEOS_DEPLOYMENT_TARGET = 18.5;
				MARKETING_VERSION = 1.0;
				PRODUCT_BUNDLE_IDENTIFIER = com.template.RainAnimationNewTests;
				PRODUCT_NAME = "$(TARGET_NAME)";
				SWIFT_EMIT_LOC_STRINGS = NO;
				SWIFT_VERSION = 5.0;
				TARGETED_DEVICE_FAMILY = "1,2";
				TEST_HOST = "$(BUILT_PRODUCTS_DIR)/RainAnimationNew.app/$(BUNDLE_EXECUTABLE_FOLDER_PATH)/RainAnimationNew";
			};
			name = Release;
		};
		D6C5E19A2E67418700CFE561 /* Debug */ = {
			isa = XCBuildConfiguration;
			buildSettings = {
				CODE_SIGN_STYLE = Automatic;
				CURRENT_PROJECT_VERSION = 1;
				GENERATE_INFOPLIST_FILE = YES;
				MARKETING_VERSION = 1.0;
				PRODUCT_BUNDLE_IDENTIFIER = com.template.RainAnimationNewUITests;
				PRODUCT_NAME = "$(TARGET_NAME)";
				SWIFT_EMIT_LOC_STRINGS = NO;
				SWIFT_VERSION = 5.0;
				TARGETED_DEVICE_FAMILY = "1,2";
				TEST_TARGET_NAME = RainAnimationNew;
			};
			name = Debug;
		};
		D6C5E19B2E67418700CFE561 /* Release */ = {
			isa = XCBuildConfiguration;
			buildSettings = {
				CODE_SIGN_STYLE = Automatic;
				CURRENT_PROJECT_VERSION = 1;
				GENERATE_INFOPLIST_FILE = YES;
				MARKETING_VERSION = 1.0;
				PRODUCT_BUNDLE_IDENTIFIER = com.template.RainAnimationNewUITests;
				PRODUCT_NAME = "$(TARGET_NAME)";
				SWIFT_EMIT_LOC_STRINGS = NO;
				SWIFT_VERSION = 5.0;
				TARGETED_DEVICE_FAMILY = "1,2";
				TEST_TARGET_NAME = RainAnimationNew;
			};
			name = Release;
		};
/* End XCBuildConfiguration section */

/* Begin XCConfigurationList section */
		D6C5E16D2E67418400CFE561 /* Build configuration list for PBXProject "RainAnimationNew" */ = {
			isa = XCConfigurationList;
			buildConfigurations = (
				D6C5E1912E67418700CFE561 /* Debug */,
				D6C5E1922E67418700CFE561 /* Release */,
			);
			defaultConfigurationIsVisible = 0;
			defaultConfigurationName = Release;
		};
		D6C5E1932E67418700CFE561 /* Build configuration list for PBXNativeTarget "RainAnimationNew" */ = {
			isa = XCConfigurationList;
			buildConfigurations = (
				D6C5E1942E67418700CFE561 /* Debug */,
				D6C5E1952E67418700CFE561 /* Release */,
			);
			defaultConfigurationIsVisible = 0;
			defaultConfigurationName = Release;
		};
		D6C5E1962E67418700CFE561 /* Build configuration list for PBXNativeTarget "RainAnimationNewTests" */ = {
			isa = XCConfigurationList;
			buildConfigurations = (
				D6C5E1972E67418700CFE561 /* Debug */,
				D6C5E1982E67418700CFE561 /* Release */,
			);
			defaultConfigurationIsVisible = 0;
			defaultConfigurationName = Release;
		};
		D6C5E1992E67418700CFE561 /* Build configuration list for PBXNativeTarget "RainAnimationNewUITests" */ = {
			isa = XCConfigurationList;
			buildConfigurations = (
				D6C5E19A2E67418700CFE561 /* Debug */,
				D6C5E19B2E67418700CFE561 /* Release */,
			);
			defaultConfigurationIsVisible = 0;
			defaultConfigurationName = Release;
		};
/* End XCConfigurationList section */
	};
	rootObject = D6C5E16A2E67418400CFE561 /* Project object */;
}
